Microsoft Visual Studio Solution File, Format Version 12.00
# Visual Studio Version 17
VisualStudioVersion = 17.5.2.0
MinimumVisualStudioVersion = 10.0.40219.1
Project("{FAE04EC0-301F-11D3-BF4B-00C04F79EFBC}") = "mediQueue.API", "mediQueue.API.csproj", "{DFCE9439-2423-8B3B-7D3A-71B074D1ACB9}"
EndProject
Global
	GlobalSection(SolutionConfigurationPlatforms) = preSolution
		Debug|Any CPU = Debug|Any CPU
		Release|Any CPU = Release|Any CPU
	EndGlobalSection
	GlobalSection(ProjectConfigurationPlatforms) = postSolution
		{DFCE9439-2423-8B3B-7D3A-71B074D1ACB9}.Debug|Any CPU.ActiveCfg = Debug|Any CPU
		{DFCE9439-2423-8B3B-7D3A-71B074D1ACB9}.Debug|Any CPU.Build.0 = Debug|Any CPU
		{DFCE9439-2423-8B3B-7D3A-71B074D1ACB9}.Release|Any CPU.ActiveCfg = Release|Any CPU
		{DFCE9439-2423-8B3B-7D3A-71B074D1ACB9}.Release|Any CPU.Build.0 = Release|Any CPU
	EndGlobalSection
	GlobalSection(SolutionProperties) = preSolution
		HideSolutionNode = FALSE
	EndGlobalSection
	GlobalSection(ExtensibilityGlobals) = postSolution
		SolutionGuid = {0426FDA1-A4F2-41ED-8CFC-C784E74F9494}
	EndGlobalSection
EndGlobal
